<?xml version="1.0" encoding="UTF-8"?>
<Scheme
   LastUpgradeVersion = "1330"
   version = "1.3">
   <BuildAction
      parallelizeBuildables = "YES"
      buildImplicitDependencies = "YES">
      <BuildActionEntries>
         <BuildActionEntry
            buildForTesting = "YES"
            buildForRunning = "YES"
            buildForProfiling = "YES"
            buildForArchiving = "YES"
            buildForAnalyzing = "YES">
            <BuildableReference
               BuildableIdentifier = "primary"
               BlueprintIdentifier = "Scraper"
               BuildableName = "Scraper"
               BlueprintName = "Scraper"
               ReferencedContainer = "container:">
            </BuildableReference>
         </BuildActionEntry>
         <BuildActionEntry
            buildForTesting = "YES"
            buildForRunning = "YES"
            buildForProfiling = "NO"
            buildForArchiving = "NO"
            buildForAnalyzing = "YES">
            <BuildableReference
               BuildableIdentifier = "primary"
               BlueprintIdentifier = "ScraperTests"
               BuildableName = "ScraperTests"
               BlueprintName = "ScraperTests"
               ReferencedContainer = "container:">
            </BuildableReference>
         </BuildActionEntry>
      </BuildActionEntries>
   </BuildAction>
   <TestAction
      buildConfiguration = "Debug"
      selectedDebuggerIdentifier = "Xcode.DebuggerFoundation.Debugger.LLDB"
      selectedLauncherIdentifier = "Xcode.DebuggerFoundation.Launcher.LLDB"
      shouldUseLaunchSchemeArgsEnv = "YES">
      <Testables>
         <TestableReference
            skipped = "NO">
            <BuildableReference
               BuildableIdentifier = "primary"
               BlueprintIdentifier = "ScraperTests"
               BuildableName = "ScraperTests"
               BlueprintName = "ScraperTests"
               ReferencedContainer = "container:">
            </BuildableReference>
         </TestableReference>
      </Testables>
   </TestAction>
   <LaunchAction
      buildConfiguration = "Debug"
      selectedDebuggerIdentifier = "Xcode.DebuggerFoundation.Debugger.LLDB"
      selectedLauncherIdentifier = "Xcode.DebuggerFoundation.Launcher.LLDB"
      launchStyle = "0"
      useCustomWorkingDirectory = "NO"
      ignoresPersistentStateOnLaunch = "NO"
      debugDocumentVersioning = "YES"
      debugServiceExtension = "internal"
      allowLocationSimulation = "YES">
      <BuildableProductRunnable
         runnableDebuggingMode = "0">
         <BuildableReference
            BuildableIdentifier = "primary"
            BlueprintIdentifier = "Scraper"
            BuildableName = "Scraper"
            BlueprintName = "Scraper"
            ReferencedContainer = "container:">
         </BuildableReference>
      </BuildableProductRunnable>
      <CommandLineArguments>
         <CommandLineArgument
            argument = "https://www.amazon.it/RAL-colori-scomparti-libro-lucido/dp/B00B4BVGMK/"
            isEnabled = "NO">
         </CommandLineArgument>
         <CommandLineArgument
            argument = "https://www.amazon.it/Raspberry-Pi-Zero-2-W/dp/B09KLVX4RT/ref=sr_1_20?keywords=raspberry&amp;qid=1651952659&amp;sr=8-20"
            isEnabled = "NO">
         </CommandLineArgument>
         <CommandLineArgument
            argument = "https://www.amazon.it/Autunno-dautunno-vibrazioni-autunnali-Maglietta/dp/B09W4FX8GL/ref=sr_1_4_sspa?_mk_it_IT=&#xc5;M&#xc5;&#x17d;&#xd5;&#xd1;&amp;crid=6RRKBUL4DOQ5&amp;keywords=ciao&amp;qid=1649112081&amp;sprefix=ciao%2Caps%2C77&amp;sr=8-4-spons&amp;spLa=ZW5jcnlwdGVkUXVhbGlmaWVyPUExNzVFOUVWNVhTOFU0JmVuY3J5cHRlZElkPUEwNDAzMzM5SDg4RFVCSEhJSjlSJmVuY3J5cHRlZEFkSWQ9QTA2Mjk0MzYxTFlMVjhSWVI2M0tYJndpZGdldE5hbWU9c3BfYXRmJmFjdGlvbj1jbGlja1JlZGlyZWN0JmRvTm90TG9nQ2xpY2s9dHJ1ZQ&amp;customId=B07536XX75&amp;th=1&amp;psc=1"
            isEnabled = "NO">
         </CommandLineArgument>
         <CommandLineArgument
            argument = "https://www.amazon.it/MSI-RTX-3070-LHR-Architettura/dp/B099NYF19F/ref=sr_1_53?__mk_it_IT=&#xc5;M&#xc5;&#x17d;&#xd5;&#xd1;&amp;crid=E8017D5GIDD9&amp;keywords=rtx+3080&amp;qid=1651940733&amp;sprefix=rtx+3080%2Camazon-devices%2C56&amp;sr=8-53"
            isEnabled = "NO">
         </CommandLineArgument>
         <CommandLineArgument
            argument = "https://www.amazon.it/Xiaomi-Lite-Smartphone-Snapdragon-Fotocamera/dp/B09DNG3827/ --price-only"
            isEnabled = "NO">
         </CommandLineArgument>
         <CommandLineArgument
            argument = "https://www.amazon.it/Xiaomi-Lite-Smartphone-Snapdragon-Fotocamera/dp/B09DNG3827/ "
            isEnabled = "NO">
         </CommandLineArgument>
         <CommandLineArgument
            argument = "https://www.amazon.co.uk/AmazonBasics-High-Speed-Ultra-HDMI-Cable/dp/B014I8SSD0/ref=sr_1_1_sspa?crid=1IDOHCCYU6W5Q&amp;keywords=hdmi&amp;qid=1652704299&amp;sprefix=hdmi%2Caps%2C119&amp;sr=8-1-spons&amp;psc=1&amp;spLa=ZW5jcnlwdGVkUXVhbGlmaWVyPUE5UUlOVE9HSldOREImZW5jcnlwdGVkSWQ9QTA4MDA0MjUyQktQTlo5UVgxTTRZJmVuY3J5cHRlZEFkSWQ9QTA2NDg2NzExRkJQMlcxRFQ1TjBPJndpZGdldE5hbWU9c3BfYXRmJmFjdGlvbj1jbGlja1JlZGlyZWN0JmRvTm90TG9nQ2xpY2s9dHJ1ZQ=="
            isEnabled = "YES">
         </CommandLineArgument>
         <CommandLineArgument
            argument = "https://www.amazon.it/dp/B07PHPXHQS/"
            isEnabled = "NO">
         </CommandLineArgument>
         <CommandLineArgument
            argument = "https://www.amazon.it/dp/B09VCDC7M8/ref=sspa_dk_detail_2?psc=1&amp;pd_rd_i=B09VCDC7M8&amp;pd_rd_w=F9J1s&amp;pf_rd_p=28496f9a-8e03-4dec-b031-58b016891aa6&amp;pd_rd_wg=kOt9d&amp;pf_rd_r=21YWP7XTQ4JN909MVTE6&amp;pd_rd_r=689f58de-5d3e-4ad1-87aa-f8da26feadaf&amp;s=beauty"
            isEnabled = "NO">
         </CommandLineArgument>
         <CommandLineArgument
            argument = "https://www.amazon.it/Giesswein-Neudau-Pantofole-Unisex-Adulto-Schiefer/dp/B00264FX4Q/"
            isEnabled = "NO">
         </CommandLineArgument>
         <CommandLineArgument
            argument = "https://www.amazon.it/Pureday-4942079124033-Moai-Distributore-fazzoletti/dp/B008FVIK4Y?ref_=Oct_d_omwf_d_524015031&amp;pd_rd_w=Bj3a1&amp;pf_rd_p=b508b10a-f148-4d76-8507-2befb9d9d990&amp;pf_rd_r=12427WN48QAB9A5FTM4G&amp;pd_rd_r=92e4385a-3f18-4a91-9184-6d6fab56b2eb&amp;pd_rd_wg=ECYn8&amp;pd_rd_i=B008FVIK4Y"
            isEnabled = "NO">
         </CommandLineArgument>
         <CommandLineArgument
            argument = "https://www.amazon.com/Geforce-GDDR6X-Express-Graphics-Titanium/dp/B096L83WV8/ref=sr_1_7?keywords=gtx+3080&amp;qid=1651940148&amp;sprefix=gtx+30%2Caps%2C174&amp;sr=8-7"
            isEnabled = "NO">
         </CommandLineArgument>
         <CommandLineArgument
            argument = "https://www.amazon.it/Gigabyte-GeForce-GAMING-Scheda-Grafica/dp/B08NW2X37Z/ref=sr_1_54?__mk_it_IT=&#xc5;M&#xc5;&#x17d;&#xd5;&#xd1;&amp;crid=E8017D5GIDD9&amp;keywords=rtx+3080&amp;qid=1651940266&amp;sprefix=rtx+3080%2Camazon-devices%2C56&amp;sr=8-54"
            isEnabled = "NO">
         </CommandLineArgument>
         <CommandLineArgument
            argument = "https://www.amazon.it/Corsair-Limited-Compatto-i9-11900K-Vengeance/dp/B09F6S7BS2/ref=sr_1_49_sspa?__mk_it_IT=&#xc5;M&#xc5;&#x17d;&#xd5;&#xd1;&amp;crid=E8017D5GIDD9&amp;keywords=rtx+3080&amp;qid=1651940733&amp;sprefix=rtx+3080%2Camazon-devices%2C56&amp;sr=8-49-spons&amp;psc=1&amp;spLa=ZW5jcnlwdGVkUXVhbGlmaWVyPUE1SFVJV0tES1ZFSkYmZW5jcnlwdGVkSWQ9QTA0NTM2ODYzVDRONlFNNDQ1QTVIJmVuY3J5cHRlZEFkSWQ9QTA2MDgzNTUxUDhZUTJMUTUxN0k1JndpZGdldE5hbWU9c3BfYXRmX25leHQmYWN0aW9uPWNsaWNrUmVkaXJlY3QmZG9Ob3RMb2dDbGljaz10cnVl"
            isEnabled = "NO">
         </CommandLineArgument>
      </CommandLineArguments>
   </LaunchAction>
   <ProfileAction
      buildConfiguration = "Release"
      shouldUseLaunchSchemeArgsEnv = "YES"
      savedToolIdentifier = ""
      useCustomWorkingDirectory = "NO"
      debugDocumentVersioning = "YES">
      <BuildableProductRunnable
         runnableDebuggingMode = "0">
         <BuildableReference
            BuildableIdentifier = "primary"
            BlueprintIdentifier = "Scraper"
            BuildableName = "Scraper"
            BlueprintName = "Scraper"
            ReferencedContainer = "container:">
         </BuildableReference>
      </BuildableProductRunnable>
   </ProfileAction>
   <AnalyzeAction
      buildConfiguration = "Debug">
   </AnalyzeAction>
   <ArchiveAction
      buildConfiguration = "Release"
      revealArchiveInOrganizer = "YES">
   </ArchiveAction>
</Scheme>
