// !$*UTF8*$!
{
	archiveVersion = 1;
	classes = {
	};
	objectVersion = 55;
	objects = {

/* Begin PBXBuildFile section */
		129A1A3E28086F1000F2C870 /* HomeViewModel.swift in Sources */ = {isa = PBXBuildFile; fileRef = 129A1A3D28086F1000F2C870 /* HomeViewModel.swift */; };
		129A1A402808702000F2C870 /* TrackingObject.swift in Sources */ = {isa = PBXBuildFile; fileRef = 129A1A3F2808702000F2C870 /* TrackingObject.swift */; };
		12D7D87027FF7EDF00178DAE /* PreferenceManager.swift in Sources */ = {isa = PBXBuildFile; fileRef = 12D7D86F27FF7EDF00178DAE /* PreferenceManager.swift */; };
		12F1FE7A280ABB17000BF1B1 /* ChangePageView.swift in Sources */ = {isa = PBXBuildFile; fileRef = 12F1FE79280ABB17000BF1B1 /* ChangePageView.swift */; };
		12F84715280B02B10027BFFF /* TabTutorialElement.swift in Sources */ = {isa = PBXBuildFile; fileRef = 12F84714280B02B10027BFFF /* TabTutorialElement.swift */; };
		12F84717280B20520027BFFF /* SampleTutorialView.swift in Sources */ = {isa = PBXBuildFile; fileRef = 12F84716280B20520027BFFF /* SampleTutorialView.swift */; };
		6631E97827FF6FD9005E3A41 /* AppTabBar.swift in Sources */ = {isa = PBXBuildFile; fileRef = 6631E97727FF6FD9005E3A41 /* AppTabBar.swift */; };
		6631E97A27FF709F005E3A41 /* MainViewModel.swift in Sources */ = {isa = PBXBuildFile; fileRef = 6631E97927FF709F005E3A41 /* MainViewModel.swift */; };
		6631E97C27FF7503005E3A41 /* MainHeader.swift in Sources */ = {isa = PBXBuildFile; fileRef = 6631E97B27FF7503005E3A41 /* MainHeader.swift */; };
		6631E97E27FF7919005E3A41 /* TabElement.swift in Sources */ = {isa = PBXBuildFile; fileRef = 6631E97D27FF7919005E3A41 /* TabElement.swift */; };
		6631E98027FF7CE4005E3A41 /* UserIdentity.swift in Sources */ = {isa = PBXBuildFile; fileRef = 6631E97F27FF7CE4005E3A41 /* UserIdentity.swift */; };
		66479307280030DD0068AE91 /* HomeView.swift in Sources */ = {isa = PBXBuildFile; fileRef = 66479306280030DD0068AE91 /* HomeView.swift */; };
		664AF2812808B48B008C7B50 /* Price.swift in Sources */ = {isa = PBXBuildFile; fileRef = 664AF2802808B48B008C7B50 /* Price.swift */; };
		664AF2832808B75F008C7B50 /* ImageLoader.swift in Sources */ = {isa = PBXBuildFile; fileRef = 664AF2822808B75F008C7B50 /* ImageLoader.swift */; };
		666524D027FB35F9005C73F3 /* FacebookAuth.swift in Sources */ = {isa = PBXBuildFile; fileRef = 666524CF27FB35F9005C73F3 /* FacebookAuth.swift */; };
		666524D327FB3BF8005C73F3 /* AppConstant.swift in Sources */ = {isa = PBXBuildFile; fileRef = 666524D227FB3BF8005C73F3 /* AppConstant.swift */; };
		666524D827FB41A3005C73F3 /* Dictionary+Extension.swift in Sources */ = {isa = PBXBuildFile; fileRef = 666524D727FB41A3005C73F3 /* Dictionary+Extension.swift */; };
		66742C6927FCAA3A0093EE24 /* IconTextField.swift in Sources */ = {isa = PBXBuildFile; fileRef = 66742C6827FCAA3A0093EE24 /* IconTextField.swift */; };
		66742C6B27FCAD450093EE24 /* IconSecureTextField.swift in Sources */ = {isa = PBXBuildFile; fileRef = 66742C6A27FCAD450093EE24 /* IconSecureTextField.swift */; };
		66742C7427FCC9A80093EE24 /* RegisterView.swift in Sources */ = {isa = PBXBuildFile; fileRef = 66742C7327FCC9A80093EE24 /* RegisterView.swift */; };
		66742C7627FCCC0A0093EE24 /* UIViewController+Extension.swift in Sources */ = {isa = PBXBuildFile; fileRef = 66742C7527FCCC0A0093EE24 /* UIViewController+Extension.swift */; };
		667BF40127FB8A300000B7EB /* AppState.swift in Sources */ = {isa = PBXBuildFile; fileRef = 667BF40027FB8A300000B7EB /* AppState.swift */; };
		667BF40427FB8B2A0000B7EB /* MainView.swift in Sources */ = {isa = PBXBuildFile; fileRef = 667BF40327FB8B2A0000B7EB /* MainView.swift */; };
		668518DD2800187E00A91A6F /* LoginCell.swift in Sources */ = {isa = PBXBuildFile; fileRef = 668518DC2800187E00A91A6F /* LoginCell.swift */; };
		668518DF2800197500A91A6F /* UserCell.swift in Sources */ = {isa = PBXBuildFile; fileRef = 668518DE2800197500A91A6F /* UserCell.swift */; };
		668518E228001C1F00A91A6F /* UserProfileView.swift in Sources */ = {isa = PBXBuildFile; fileRef = 668518E128001C1F00A91A6F /* UserProfileView.swift */; };
		6689A62A27FCDA9C00260538 /* AlertViewController.swift in Sources */ = {isa = PBXBuildFile; fileRef = 6689A62927FCDA9C00260538 /* AlertViewController.swift */; };
		6689A62C27FCDAB300260538 /* ErrorAlertViewController.swift in Sources */ = {isa = PBXBuildFile; fileRef = 6689A62B27FCDAB300260538 /* ErrorAlertViewController.swift */; };
		66934AF827FB793B004DC396 /* TaskManager.swift in Sources */ = {isa = PBXBuildFile; fileRef = 66934AF727FB793B004DC396 /* TaskManager.swift */; };
		66934AFA27FB7F82004DC396 /* LocalAuth.swift in Sources */ = {isa = PBXBuildFile; fileRef = 66934AF927FB7F82004DC396 /* LocalAuth.swift */; };
		66934AFC27FB8311004DC396 /* View+Extension.swift in Sources */ = {isa = PBXBuildFile; fileRef = 66934AFB27FB8311004DC396 /* View+Extension.swift */; };
		66BE657E28000BD40077777B /* SettingView.swift in Sources */ = {isa = PBXBuildFile; fileRef = 66BE657D28000BD40077777B /* SettingView.swift */; };
		66BE658028000E8B0077777B /* SettingViewModel.swift in Sources */ = {isa = PBXBuildFile; fileRef = 66BE657F28000E8B0077777B /* SettingViewModel.swift */; };
		66C5131727FD785C000EC52B /* FeedbackAlert.swift in Sources */ = {isa = PBXBuildFile; fileRef = 66C5131627FD785C000EC52B /* FeedbackAlert.swift */; };
		66C552E827FC41BF00F5715E /* Launch Screen.storyboard in Resources */ = {isa = PBXBuildFile; fileRef = 66C552E727FC41BF00F5715E /* Launch Screen.storyboard */; };
		66C552EA27FC428E00F5715E /* SocialSmallButton.swift in Sources */ = {isa = PBXBuildFile; fileRef = 66C552E927FC428E00F5715E /* SocialSmallButton.swift */; };
		66CC9BFE2801C392005935F0 /* WebView.swift in Sources */ = {isa = PBXBuildFile; fileRef = 66CC9BFD2801C392005935F0 /* WebView.swift */; };
		66CC9C002801C3C8005935F0 /* WebViewCoordinator.swift in Sources */ = {isa = PBXBuildFile; fileRef = 66CC9BFF2801C3C8005935F0 /* WebViewCoordinator.swift */; };
		66CC9C032801C620005935F0 /* AddProductViewModel.swift in Sources */ = {isa = PBXBuildFile; fileRef = 66CC9C022801C620005935F0 /* AddProductViewModel.swift */; };
		66CC9C052801C67C005935F0 /* AddProductView.swift in Sources */ = {isa = PBXBuildFile; fileRef = 66CC9C042801C67C005935F0 /* AddProductView.swift */; };
		66CC9C072801FB79005935F0 /* TutorialView.swift in Sources */ = {isa = PBXBuildFile; fileRef = 66CC9C062801FB79005935F0 /* TutorialView.swift */; };
		66CF3A9727FD6ACD00F2F866 /* RegisterViewModel.swift in Sources */ = {isa = PBXBuildFile; fileRef = 66CF3A9627FD6ACD00F2F866 /* RegisterViewModel.swift */; };
		66CF3A9927FD6D0800F2F866 /* Utils.swift in Sources */ = {isa = PBXBuildFile; fileRef = 66CF3A9827FD6D0800F2F866 /* Utils.swift */; };
		66D13CC127FAFD88004B2077 /* APTrackerApp.swift in Sources */ = {isa = PBXBuildFile; fileRef = 66D13CC027FAFD88004B2077 /* APTrackerApp.swift */; };
		66D13CC327FAFD88004B2077 /* ContentView.swift in Sources */ = {isa = PBXBuildFile; fileRef = 66D13CC227FAFD88004B2077 /* ContentView.swift */; };
		66D13CC527FAFD95004B2077 /* Assets.xcassets in Resources */ = {isa = PBXBuildFile; fileRef = 66D13CC427FAFD95004B2077 /* Assets.xcassets */; };
		66D13CC827FAFD95004B2077 /* Preview Assets.xcassets in Resources */ = {isa = PBXBuildFile; fileRef = 66D13CC727FAFD95004B2077 /* Preview Assets.xcassets */; };
		66D13CD227FAFD96004B2077 /* APTrackerTests.swift in Sources */ = {isa = PBXBuildFile; fileRef = 66D13CD127FAFD96004B2077 /* APTrackerTests.swift */; };
		66D13CDC27FAFD97004B2077 /* APTrackerUITests.swift in Sources */ = {isa = PBXBuildFile; fileRef = 66D13CDB27FAFD97004B2077 /* APTrackerUITests.swift */; };
		66D13CDE27FAFD97004B2077 /* APTrackerUITestsLaunchTests.swift in Sources */ = {isa = PBXBuildFile; fileRef = 66D13CDD27FAFD97004B2077 /* APTrackerUITestsLaunchTests.swift */; };
		66D13CED27FAFE6A004B2077 /* GoogleSignIn in Frameworks */ = {isa = PBXBuildFile; productRef = 66D13CEC27FAFE6A004B2077 /* GoogleSignIn */; };
		66D13CEF27FAFE7D004B2077 /* AppDelegate.swift in Sources */ = {isa = PBXBuildFile; fileRef = 66D13CEE27FAFE7D004B2077 /* AppDelegate.swift */; };
		66D13CF327FB0AD3004B2077 /* FacebookLogin in Frameworks */ = {isa = PBXBuildFile; productRef = 66D13CF227FB0AD3004B2077 /* FacebookLogin */; };
		66D13CF627FB1E74004B2077 /* LoginView.swift in Sources */ = {isa = PBXBuildFile; fileRef = 66D13CF527FB1E74004B2077 /* LoginView.swift */; };
		66D13CF927FB1EB7004B2077 /* SocialButton.swift in Sources */ = {isa = PBXBuildFile; fileRef = 66D13CF827FB1EB7004B2077 /* SocialButton.swift */; };
		66D13CFB27FB230F004B2077 /* LoginViewModel.swift in Sources */ = {isa = PBXBuildFile; fileRef = 66D13CFA27FB230F004B2077 /* LoginViewModel.swift */; };
		66D13CFD27FB280E004B2077 /* LoginDelegate.swift in Sources */ = {isa = PBXBuildFile; fileRef = 66D13CFC27FB280E004B2077 /* LoginDelegate.swift */; };
		66D13CFF27FB287F004B2077 /* LoginCredential.swift in Sources */ = {isa = PBXBuildFile; fileRef = 66D13CFE27FB287F004B2077 /* LoginCredential.swift */; };
		66D13D0227FB2958004B2077 /* GoogleAuth.swift in Sources */ = {isa = PBXBuildFile; fileRef = 66D13D0127FB2958004B2077 /* GoogleAuth.swift */; };
		66D13D0527FB2D2B004B2077 /* KeychainHelper.swift in Sources */ = {isa = PBXBuildFile; fileRef = 66D13D0427FB2D2B004B2077 /* KeychainHelper.swift */; };
		66D826E428109979007AA1F6 /* Product.swift in Sources */ = {isa = PBXBuildFile; fileRef = 66D826E328109979007AA1F6 /* Product.swift */; };
/* End PBXBuildFile section */

/* Begin PBXContainerItemProxy section */
		66D13CCE27FAFD96004B2077 /* PBXContainerItemProxy */ = {
			isa = PBXContainerItemProxy;
			containerPortal = 66D13CB527FAFD88004B2077 /* Project object */;
			proxyType = 1;
			remoteGlobalIDString = 66D13CBC27FAFD88004B2077;
			remoteInfo = APTracker;
		};
		66D13CD827FAFD97004B2077 /* PBXContainerItemProxy */ = {
			isa = PBXContainerItemProxy;
			containerPortal = 66D13CB527FAFD88004B2077 /* Project object */;
			proxyType = 1;
			remoteGlobalIDString = 66D13CBC27FAFD88004B2077;
			remoteInfo = APTracker;
		};
/* End PBXContainerItemProxy section */

/* Begin PBXFileReference section */
		129A1A3D28086F1000F2C870 /* HomeViewModel.swift */ = {isa = PBXFileReference; lastKnownFileType = sourcecode.swift; path = HomeViewModel.swift; sourceTree = "<group>"; };
		129A1A3F2808702000F2C870 /* TrackingObject.swift */ = {isa = PBXFileReference; lastKnownFileType = sourcecode.swift; path = TrackingObject.swift; sourceTree = "<group>"; };
		12D7D86F27FF7EDF00178DAE /* PreferenceManager.swift */ = {isa = PBXFileReference; lastKnownFileType = sourcecode.swift; path = PreferenceManager.swift; sourceTree = "<group>"; };
		12F1FE79280ABB17000BF1B1 /* ChangePageView.swift */ = {isa = PBXFileReference; lastKnownFileType = sourcecode.swift; path = ChangePageView.swift; sourceTree = "<group>"; };
		12F84714280B02B10027BFFF /* TabTutorialElement.swift */ = {isa = PBXFileReference; lastKnownFileType = sourcecode.swift; path = TabTutorialElement.swift; sourceTree = "<group>"; };
		12F84716280B20520027BFFF /* SampleTutorialView.swift */ = {isa = PBXFileReference; lastKnownFileType = sourcecode.swift; path = SampleTutorialView.swift; sourceTree = "<group>"; };
		6631E97727FF6FD9005E3A41 /* AppTabBar.swift */ = {isa = PBXFileReference; lastKnownFileType = sourcecode.swift; path = AppTabBar.swift; sourceTree = "<group>"; };
		6631E97927FF709F005E3A41 /* MainViewModel.swift */ = {isa = PBXFileReference; lastKnownFileType = sourcecode.swift; path = MainViewModel.swift; sourceTree = "<group>"; };
		6631E97B27FF7503005E3A41 /* MainHeader.swift */ = {isa = PBXFileReference; lastKnownFileType = sourcecode.swift; path = MainHeader.swift; sourceTree = "<group>"; };
		6631E97D27FF7919005E3A41 /* TabElement.swift */ = {isa = PBXFileReference; lastKnownFileType = sourcecode.swift; path = TabElement.swift; sourceTree = "<group>"; };
		6631E97F27FF7CE4005E3A41 /* UserIdentity.swift */ = {isa = PBXFileReference; lastKnownFileType = sourcecode.swift; path = UserIdentity.swift; sourceTree = "<group>"; };
		66479306280030DD0068AE91 /* HomeView.swift */ = {isa = PBXFileReference; lastKnownFileType = sourcecode.swift; path = HomeView.swift; sourceTree = "<group>"; };
		664AF2802808B48B008C7B50 /* Price.swift */ = {isa = PBXFileReference; lastKnownFileType = sourcecode.swift; path = Price.swift; sourceTree = "<group>"; };
		664AF2822808B75F008C7B50 /* ImageLoader.swift */ = {isa = PBXFileReference; lastKnownFileType = sourcecode.swift; path = ImageLoader.swift; sourceTree = "<group>"; };
		666524CF27FB35F9005C73F3 /* FacebookAuth.swift */ = {isa = PBXFileReference; lastKnownFileType = sourcecode.swift; path = FacebookAuth.swift; sourceTree = "<group>"; };
		666524D227FB3BF8005C73F3 /* AppConstant.swift */ = {isa = PBXFileReference; lastKnownFileType = sourcecode.swift; path = AppConstant.swift; sourceTree = "<group>"; };
		666524D727FB41A3005C73F3 /* Dictionary+Extension.swift */ = {isa = PBXFileReference; lastKnownFileType = sourcecode.swift; path = "Dictionary+Extension.swift"; sourceTree = "<group>"; };
		66742C6827FCAA3A0093EE24 /* IconTextField.swift */ = {isa = PBXFileReference; lastKnownFileType = sourcecode.swift; path = IconTextField.swift; sourceTree = "<group>"; };
		66742C6A27FCAD450093EE24 /* IconSecureTextField.swift */ = {isa = PBXFileReference; lastKnownFileType = sourcecode.swift; path = IconSecureTextField.swift; sourceTree = "<group>"; };
		66742C7327FCC9A80093EE24 /* RegisterView.swift */ = {isa = PBXFileReference; lastKnownFileType = sourcecode.swift; path = RegisterView.swift; sourceTree = "<group>"; };
		66742C7527FCCC0A0093EE24 /* UIViewController+Extension.swift */ = {isa = PBXFileReference; lastKnownFileType = sourcecode.swift; path = "UIViewController+Extension.swift"; sourceTree = "<group>"; };
		667BF40027FB8A300000B7EB /* AppState.swift */ = {isa = PBXFileReference; lastKnownFileType = sourcecode.swift; path = AppState.swift; sourceTree = "<group>"; };
		667BF40327FB8B2A0000B7EB /* MainView.swift */ = {isa = PBXFileReference; lastKnownFileType = sourcecode.swift; path = MainView.swift; sourceTree = "<group>"; };
		668518DC2800187E00A91A6F /* LoginCell.swift */ = {isa = PBXFileReference; lastKnownFileType = sourcecode.swift; path = LoginCell.swift; sourceTree = "<group>"; };
		668518DE2800197500A91A6F /* UserCell.swift */ = {isa = PBXFileReference; lastKnownFileType = sourcecode.swift; path = UserCell.swift; sourceTree = "<group>"; };
		668518E128001C1F00A91A6F /* UserProfileView.swift */ = {isa = PBXFileReference; lastKnownFileType = sourcecode.swift; path = UserProfileView.swift; sourceTree = "<group>"; };
		6689A62927FCDA9C00260538 /* AlertViewController.swift */ = {isa = PBXFileReference; lastKnownFileType = sourcecode.swift; path = AlertViewController.swift; sourceTree = "<group>"; };
		6689A62B27FCDAB300260538 /* ErrorAlertViewController.swift */ = {isa = PBXFileReference; lastKnownFileType = sourcecode.swift; path = ErrorAlertViewController.swift; sourceTree = "<group>"; };
		66934AF727FB793B004DC396 /* TaskManager.swift */ = {isa = PBXFileReference; lastKnownFileType = sourcecode.swift; path = TaskManager.swift; sourceTree = "<group>"; };
		66934AF927FB7F82004DC396 /* LocalAuth.swift */ = {isa = PBXFileReference; lastKnownFileType = sourcecode.swift; path = LocalAuth.swift; sourceTree = "<group>"; };
		66934AFB27FB8311004DC396 /* View+Extension.swift */ = {isa = PBXFileReference; lastKnownFileType = sourcecode.swift; path = "View+Extension.swift"; sourceTree = "<group>"; };
		66BE657D28000BD40077777B /* SettingView.swift */ = {isa = PBXFileReference; lastKnownFileType = sourcecode.swift; path = SettingView.swift; sourceTree = "<group>"; };
		66BE657F28000E8B0077777B /* SettingViewModel.swift */ = {isa = PBXFileReference; lastKnownFileType = sourcecode.swift; path = SettingViewModel.swift; sourceTree = "<group>"; };
		66C5131627FD785C000EC52B /* FeedbackAlert.swift */ = {isa = PBXFileReference; lastKnownFileType = sourcecode.swift; path = FeedbackAlert.swift; sourceTree = "<group>"; };
		66C552E727FC41BF00F5715E /* Launch Screen.storyboard */ = {isa = PBXFileReference; lastKnownFileType = file.storyboard; path = "Launch Screen.storyboard"; sourceTree = "<group>"; };
		66C552E927FC428E00F5715E /* SocialSmallButton.swift */ = {isa = PBXFileReference; lastKnownFileType = sourcecode.swift; path = SocialSmallButton.swift; sourceTree = "<group>"; };
		66CC9BFD2801C392005935F0 /* WebView.swift */ = {isa = PBXFileReference; lastKnownFileType = sourcecode.swift; path = WebView.swift; sourceTree = "<group>"; };
		66CC9BFF2801C3C8005935F0 /* WebViewCoordinator.swift */ = {isa = PBXFileReference; lastKnownFileType = sourcecode.swift; path = WebViewCoordinator.swift; sourceTree = "<group>"; };
		66CC9C022801C620005935F0 /* AddProductViewModel.swift */ = {isa = PBXFileReference; lastKnownFileType = sourcecode.swift; path = AddProductViewModel.swift; sourceTree = "<group>"; };
		66CC9C042801C67C005935F0 /* AddProductView.swift */ = {isa = PBXFileReference; lastKnownFileType = sourcecode.swift; path = AddProductView.swift; sourceTree = "<group>"; };
		66CC9C062801FB79005935F0 /* TutorialView.swift */ = {isa = PBXFileReference; lastKnownFileType = sourcecode.swift; path = TutorialView.swift; sourceTree = "<group>"; };
		66CF3A9627FD6ACD00F2F866 /* RegisterViewModel.swift */ = {isa = PBXFileReference; lastKnownFileType = sourcecode.swift; path = RegisterViewModel.swift; sourceTree = "<group>"; };
		66CF3A9827FD6D0800F2F866 /* Utils.swift */ = {isa = PBXFileReference; lastKnownFileType = sourcecode.swift; path = Utils.swift; sourceTree = "<group>"; };
		66D13CBD27FAFD88004B2077 /* APTracker.app */ = {isa = PBXFileReference; explicitFileType = wrapper.application; includeInIndex = 0; path = APTracker.app; sourceTree = BUILT_PRODUCTS_DIR; };
		66D13CC027FAFD88004B2077 /* APTrackerApp.swift */ = {isa = PBXFileReference; lastKnownFileType = sourcecode.swift; path = APTrackerApp.swift; sourceTree = "<group>"; };
		66D13CC227FAFD88004B2077 /* ContentView.swift */ = {isa = PBXFileReference; lastKnownFileType = sourcecode.swift; path = ContentView.swift; sourceTree = "<group>"; };
		66D13CC427FAFD95004B2077 /* Assets.xcassets */ = {isa = PBXFileReference; lastKnownFileType = folder.assetcatalog; path = Assets.xcassets; sourceTree = "<group>"; };
		66D13CC727FAFD95004B2077 /* Preview Assets.xcassets */ = {isa = PBXFileReference; lastKnownFileType = folder.assetcatalog; path = "Preview Assets.xcassets"; sourceTree = "<group>"; };
		66D13CCD27FAFD96004B2077 /* APTrackerTests.xctest */ = {isa = PBXFileReference; explicitFileType = wrapper.cfbundle; includeInIndex = 0; path = APTrackerTests.xctest; sourceTree = BUILT_PRODUCTS_DIR; };
		66D13CD127FAFD96004B2077 /* APTrackerTests.swift */ = {isa = PBXFileReference; lastKnownFileType = sourcecode.swift; path = APTrackerTests.swift; sourceTree = "<group>"; };
		66D13CD727FAFD97004B2077 /* APTrackerUITests.xctest */ = {isa = PBXFileReference; explicitFileType = wrapper.cfbundle; includeInIndex = 0; path = APTrackerUITests.xctest; sourceTree = BUILT_PRODUCTS_DIR; };
		66D13CDB27FAFD97004B2077 /* APTrackerUITests.swift */ = {isa = PBXFileReference; lastKnownFileType = sourcecode.swift; path = APTrackerUITests.swift; sourceTree = "<group>"; };
		66D13CDD27FAFD97004B2077 /* APTrackerUITestsLaunchTests.swift */ = {isa = PBXFileReference; lastKnownFileType = sourcecode.swift; path = APTrackerUITestsLaunchTests.swift; sourceTree = "<group>"; };
		66D13CEA27FAFE2B004B2077 /* Info.plist */ = {isa = PBXFileReference; lastKnownFileType = text.plist.xml; path = Info.plist; sourceTree = "<group>"; };
		66D13CEE27FAFE7D004B2077 /* AppDelegate.swift */ = {isa = PBXFileReference; lastKnownFileType = sourcecode.swift; path = AppDelegate.swift; sourceTree = "<group>"; };
		66D13CF527FB1E74004B2077 /* LoginView.swift */ = {isa = PBXFileReference; lastKnownFileType = sourcecode.swift; path = LoginView.swift; sourceTree = "<group>"; };
		66D13CF827FB1EB7004B2077 /* SocialButton.swift */ = {isa = PBXFileReference; lastKnownFileType = sourcecode.swift; path = SocialButton.swift; sourceTree = "<group>"; };
		66D13CFA27FB230F004B2077 /* LoginViewModel.swift */ = {isa = PBXFileReference; lastKnownFileType = sourcecode.swift; path = LoginViewModel.swift; sourceTree = "<group>"; };
		66D13CFC27FB280E004B2077 /* LoginDelegate.swift */ = {isa = PBXFileReference; lastKnownFileType = sourcecode.swift; path = LoginDelegate.swift; sourceTree = "<group>"; };
		66D13CFE27FB287F004B2077 /* LoginCredential.swift */ = {isa = PBXFileReference; lastKnownFileType = sourcecode.swift; path = LoginCredential.swift; sourceTree = "<group>"; };
		66D13D0127FB2958004B2077 /* GoogleAuth.swift */ = {isa = PBXFileReference; lastKnownFileType = sourcecode.swift; path = GoogleAuth.swift; sourceTree = "<group>"; };
		66D13D0427FB2D2B004B2077 /* KeychainHelper.swift */ = {isa = PBXFileReference; lastKnownFileType = sourcecode.swift; path = KeychainHelper.swift; sourceTree = "<group>"; };
		66D826E328109979007AA1F6 /* Product.swift */ = {isa = PBXFileReference; lastKnownFileType = sourcecode.swift; path = Product.swift; sourceTree = "<group>"; };
/* End PBXFileReference section */

/* Begin PBXFrameworksBuildPhase section */
		66D13CBA27FAFD88004B2077 /* Frameworks */ = {
			isa = PBXFrameworksBuildPhase;
			buildActionMask = 2147483647;
			files = (
				66D13CF327FB0AD3004B2077 /* FacebookLogin in Frameworks */,
				66D13CED27FAFE6A004B2077 /* GoogleSignIn in Frameworks */,
			);
			runOnlyForDeploymentPostprocessing = 0;
		};
		66D13CCA27FAFD96004B2077 /* Frameworks */ = {
			isa = PBXFrameworksBuildPhase;
			buildActionMask = 2147483647;
			files = (
			);
			runOnlyForDeploymentPostprocessing = 0;
		};
		66D13CD427FAFD97004B2077 /* Frameworks */ = {
			isa = PBXFrameworksBuildPhase;
			buildActionMask = 2147483647;
			files = (
			);
			runOnlyForDeploymentPostprocessing = 0;
		};
/* End PBXFrameworksBuildPhase section */

/* Begin PBXGroup section */
		66479305280030CF0068AE91 /* HomeView */ = {
			isa = PBXGroup;
			children = (
				66479306280030DD0068AE91 /* HomeView.swift */,
				129A1A3D28086F1000F2C870 /* HomeViewModel.swift */,
			);
			path = HomeView;
			sourceTree = "<group>";
		};
		666524D127FB3AAD005C73F3 /* Login */ = {
			isa = PBXGroup;
			children = (
				66D13CFC27FB280E004B2077 /* LoginDelegate.swift */,
				66D13CFE27FB287F004B2077 /* LoginCredential.swift */,
				66D13D0127FB2958004B2077 /* GoogleAuth.swift */,
				666524CF27FB35F9005C73F3 /* FacebookAuth.swift */,
				66934AF927FB7F82004DC396 /* LocalAuth.swift */,
			);
			path = Login;
			sourceTree = "<group>";
		};
		666524D627FB418E005C73F3 /* Extension */ = {
			isa = PBXGroup;
			children = (
				666524D727FB41A3005C73F3 /* Dictionary+Extension.swift */,
				66934AFB27FB8311004DC396 /* View+Extension.swift */,
				66742C7527FCCC0A0093EE24 /* UIViewController+Extension.swift */,
			);
			path = Extension;
			sourceTree = "<group>";
		};
		667BF40227FB8B200000B7EB /* MainView */ = {
			isa = PBXGroup;
			children = (
				667BF40327FB8B2A0000B7EB /* MainView.swift */,
				6631E97927FF709F005E3A41 /* MainViewModel.swift */,
			);
			path = MainView;
			sourceTree = "<group>";
		};
		667BF40527FB8E580000B7EB /* App */ = {
			isa = PBXGroup;
			children = (
				66D13CC027FAFD88004B2077 /* APTrackerApp.swift */,
				66D13CC227FAFD88004B2077 /* ContentView.swift */,
				66D13CEE27FAFE7D004B2077 /* AppDelegate.swift */,
				666524D227FB3BF8005C73F3 /* AppConstant.swift */,
				667BF40027FB8A300000B7EB /* AppState.swift */,
			);
			path = App;
			sourceTree = "<group>";
		};
		667BF40627FB8E650000B7EB /* Asset */ = {
			isa = PBXGroup;
			children = (
				66D13CC427FAFD95004B2077 /* Assets.xcassets */,
				66C552E727FC41BF00F5715E /* Launch Screen.storyboard */,
			);
			path = Asset;
			sourceTree = "<group>";
		};
		668518DB2800186B00A91A6F /* Setting */ = {
			isa = PBXGroup;
			children = (
				668518DC2800187E00A91A6F /* LoginCell.swift */,
				668518DE2800197500A91A6F /* UserCell.swift */,
			);
			path = Setting;
			sourceTree = "<group>";
		};
		668518E028001C0E00A91A6F /* UserProfileView */ = {
			isa = PBXGroup;
			children = (
				668518E128001C1F00A91A6F /* UserProfileView.swift */,
			);
			path = UserProfileView;
			sourceTree = "<group>";
		};
		6689A62827FCDA9100260538 /* Alerts */ = {
			isa = PBXGroup;
			children = (
				6689A62927FCDA9C00260538 /* AlertViewController.swift */,
				6689A62B27FCDAB300260538 /* ErrorAlertViewController.swift */,
				66C5131627FD785C000EC52B /* FeedbackAlert.swift */,
			);
			path = Alerts;
			sourceTree = "<group>";
		};
		66934AF627FB792F004DC396 /* Network */ = {
			isa = PBXGroup;
			children = (
				66934AF727FB793B004DC396 /* TaskManager.swift */,
				664AF2822808B75F008C7B50 /* ImageLoader.swift */,
			);
			path = Network;
			sourceTree = "<group>";
		};
		66BE657C28000BBB0077777B /* SettingView */ = {
			isa = PBXGroup;
			children = (
				66BE657D28000BD40077777B /* SettingView.swift */,
				66BE657F28000E8B0077777B /* SettingViewModel.swift */,
			);
			path = SettingView;
			sourceTree = "<group>";
		};
		66CC9BFC2801C386005935F0 /* WebView */ = {
			isa = PBXGroup;
			children = (
				66CC9BFD2801C392005935F0 /* WebView.swift */,
				66CC9BFF2801C3C8005935F0 /* WebViewCoordinator.swift */,
			);
			path = WebView;
			sourceTree = "<group>";
		};
		66CC9C012801C611005935F0 /* AddProductView */ = {
			isa = PBXGroup;
			children = (
				66CC9C022801C620005935F0 /* AddProductViewModel.swift */,
				66CC9C042801C67C005935F0 /* AddProductView.swift */,
			);
			path = AddProductView;
			sourceTree = "<group>";
		};
		66CC9C082801FF83005935F0 /* Tutorial */ = {
			isa = PBXGroup;
			children = (
				66CC9C062801FB79005935F0 /* TutorialView.swift */,
				12F1FE79280ABB17000BF1B1 /* ChangePageView.swift */,
				12F84714280B02B10027BFFF /* TabTutorialElement.swift */,
			);
			name = Tutorial;
			sourceTree = "<group>";
		};
		66CF3A9527FD6AA400F2F866 /* RegisterView */ = {
			isa = PBXGroup;
			children = (
				66742C7327FCC9A80093EE24 /* RegisterView.swift */,
				66CF3A9627FD6ACD00F2F866 /* RegisterViewModel.swift */,
			);
			path = RegisterView;
			sourceTree = "<group>";
		};
		66D13CB427FAFD88004B2077 = {
			isa = PBXGroup;
			children = (
				66D13CBF27FAFD88004B2077 /* APTracker */,
				66D13CD027FAFD96004B2077 /* APTrackerTests */,
				66D13CDA27FAFD97004B2077 /* APTrackerUITests */,
				66D13CBE27FAFD88004B2077 /* Products */,
			);
			sourceTree = "<group>";
		};
		66D13CBE27FAFD88004B2077 /* Products */ = {
			isa = PBXGroup;
			children = (
				66D13CBD27FAFD88004B2077 /* APTracker.app */,
				66D13CCD27FAFD96004B2077 /* APTrackerTests.xctest */,
				66D13CD727FAFD97004B2077 /* APTrackerUITests.xctest */,
			);
			name = Products;
			sourceTree = "<group>";
		};
		66D13CBF27FAFD88004B2077 /* APTracker */ = {
			isa = PBXGroup;
			children = (
				66CC9C082801FF83005935F0 /* Tutorial */,
				66CC9C012801C611005935F0 /* AddProductView */,
				66479305280030CF0068AE91 /* HomeView */,
				668518E028001C0E00A91A6F /* UserProfileView */,
				66BE657C28000BBB0077777B /* SettingView */,
				66CF3A9527FD6AA400F2F866 /* RegisterView */,
				6689A62827FCDA9100260538 /* Alerts */,
				66D13CEA27FAFE2B004B2077 /* Info.plist */,
				667BF40627FB8E650000B7EB /* Asset */,
				667BF40527FB8E580000B7EB /* App */,
				667BF40227FB8B200000B7EB /* MainView */,
				66934AF627FB792F004DC396 /* Network */,
				666524D627FB418E005C73F3 /* Extension */,
				666524D127FB3AAD005C73F3 /* Login */,
				66D13D0327FB2D1D004B2077 /* Utils */,
				66D13CF727FB1E9B004B2077 /* UIComponents */,
				66D13CF427FB1E68004B2077 /* LoginView */,
				66D13CC627FAFD95004B2077 /* Preview Content */,
				66D826E22810996B007AA1F6 /* Entity */,
			);
			path = APTracker;
			sourceTree = "<group>";
		};
		66D13CC627FAFD95004B2077 /* Preview Content */ = {
			isa = PBXGroup;
			children = (
				66D13CC727FAFD95004B2077 /* Preview Assets.xcassets */,
			);
			path = "Preview Content";
			sourceTree = "<group>";
		};
		66D13CD027FAFD96004B2077 /* APTrackerTests */ = {
			isa = PBXGroup;
			children = (
				66D13CD127FAFD96004B2077 /* APTrackerTests.swift */,
			);
			path = APTrackerTests;
			sourceTree = "<group>";
		};
		66D13CDA27FAFD97004B2077 /* APTrackerUITests */ = {
			isa = PBXGroup;
			children = (
				66D13CDB27FAFD97004B2077 /* APTrackerUITests.swift */,
				66D13CDD27FAFD97004B2077 /* APTrackerUITestsLaunchTests.swift */,
			);
			path = APTrackerUITests;
			sourceTree = "<group>";
		};
		66D13CF427FB1E68004B2077 /* LoginView */ = {
			isa = PBXGroup;
			children = (
				66D13CF527FB1E74004B2077 /* LoginView.swift */,
				66D13CFA27FB230F004B2077 /* LoginViewModel.swift */,
			);
			path = LoginView;
			sourceTree = "<group>";
		};
		66D13CF727FB1E9B004B2077 /* UIComponents */ = {
			isa = PBXGroup;
			children = (
				66CC9BFC2801C386005935F0 /* WebView */,
				668518DB2800186B00A91A6F /* Setting */,
				66D13CF827FB1EB7004B2077 /* SocialButton.swift */,
				66C552E927FC428E00F5715E /* SocialSmallButton.swift */,
				66742C6827FCAA3A0093EE24 /* IconTextField.swift */,
				66742C6A27FCAD450093EE24 /* IconSecureTextField.swift */,
				6631E97727FF6FD9005E3A41 /* AppTabBar.swift */,
				6631E97B27FF7503005E3A41 /* MainHeader.swift */,
				12F84716280B20520027BFFF /* SampleTutorialView.swift */,
			);
			path = UIComponents;
			sourceTree = "<group>";
		};
		66D13D0327FB2D1D004B2077 /* Utils */ = {
			isa = PBXGroup;
			children = (
				66D13D0427FB2D2B004B2077 /* KeychainHelper.swift */,
				66CF3A9827FD6D0800F2F866 /* Utils.swift */,
				6631E97D27FF7919005E3A41 /* TabElement.swift */,
				12D7D86F27FF7EDF00178DAE /* PreferenceManager.swift */,
			);
			path = Utils;
			sourceTree = "<group>";
		};
		66D826E22810996B007AA1F6 /* Entity */ = {
			isa = PBXGroup;
			children = (
				6631E97F27FF7CE4005E3A41 /* UserIdentity.swift */,
				129A1A3F2808702000F2C870 /* TrackingObject.swift */,
				664AF2802808B48B008C7B50 /* Price.swift */,
				66D826E328109979007AA1F6 /* Product.swift */,
			);
			path = Entity;
			sourceTree = "<group>";
		};
/* End PBXGroup section */

/* Begin PBXNativeTarget section */
		66D13CBC27FAFD88004B2077 /* APTracker */ = {
			isa = PBXNativeTarget;
			buildConfigurationList = 66D13CE127FAFD97004B2077 /* Build configuration list for PBXNativeTarget "APTracker" */;
			buildPhases = (
				66D13CB927FAFD88004B2077 /* Sources */,
				66D13CBA27FAFD88004B2077 /* Frameworks */,
				66D13CBB27FAFD88004B2077 /* Resources */,
			);
			buildRules = (
			);
			dependencies = (
			);
			name = APTracker;
			packageProductDependencies = (
				66D13CEC27FAFE6A004B2077 /* GoogleSignIn */,
				66D13CF227FB0AD3004B2077 /* FacebookLogin */,
			);
			productName = APTracker;
			productReference = 66D13CBD27FAFD88004B2077 /* APTracker.app */;
			productType = "com.apple.product-type.application";
		};
		66D13CCC27FAFD96004B2077 /* APTrackerTests */ = {
			isa = PBXNativeTarget;
			buildConfigurationList = 66D13CE427FAFD97004B2077 /* Build configuration list for PBXNativeTarget "APTrackerTests" */;
			buildPhases = (
				66D13CC927FAFD96004B2077 /* Sources */,
				66D13CCA27FAFD96004B2077 /* Frameworks */,
				66D13CCB27FAFD96004B2077 /* Resources */,
			);
			buildRules = (
			);
			dependencies = (
				66D13CCF27FAFD96004B2077 /* PBXTargetDependency */,
			);
			name = APTrackerTests;
			productName = APTrackerTests;
			productReference = 66D13CCD27FAFD96004B2077 /* APTrackerTests.xctest */;
			productType = "com.apple.product-type.bundle.unit-test";
		};
		66D13CD627FAFD97004B2077 /* APTrackerUITests */ = {
			isa = PBXNativeTarget;
			buildConfigurationList = 66D13CE727FAFD97004B2077 /* Build configuration list for PBXNativeTarget "APTrackerUITests" */;
			buildPhases = (
				66D13CD327FAFD97004B2077 /* Sources */,
				66D13CD427FAFD97004B2077 /* Frameworks */,
				66D13CD527FAFD97004B2077 /* Resources */,
			);
			buildRules = (
			);
			dependencies = (
				66D13CD927FAFD97004B2077 /* PBXTargetDependency */,
			);
			name = APTrackerUITests;
			productName = APTrackerUITests;
			productReference = 66D13CD727FAFD97004B2077 /* APTrackerUITests.xctest */;
			productType = "com.apple.product-type.bundle.ui-testing";
		};
/* End PBXNativeTarget section */

/* Begin PBXProject section */
		66D13CB527FAFD88004B2077 /* Project object */ = {
			isa = PBXProject;
			attributes = {
				BuildIndependentTargetsInParallel = 1;
				LastSwiftUpdateCheck = 1330;
				LastUpgradeCheck = 1330;
				TargetAttributes = {
					66D13CBC27FAFD88004B2077 = {
						CreatedOnToolsVersion = 13.3;
					};
					66D13CCC27FAFD96004B2077 = {
						CreatedOnToolsVersion = 13.3;
						TestTargetID = 66D13CBC27FAFD88004B2077;
					};
					66D13CD627FAFD97004B2077 = {
						CreatedOnToolsVersion = 13.3;
						TestTargetID = 66D13CBC27FAFD88004B2077;
					};
				};
			};
			buildConfigurationList = 66D13CB827FAFD88004B2077 /* Build configuration list for PBXProject "APTracker" */;
			compatibilityVersion = "Xcode 13.0";
			developmentRegion = en;
			hasScannedForEncodings = 0;
			knownRegions = (
				en,
				Base,
			);
			mainGroup = 66D13CB427FAFD88004B2077;
			packageReferences = (
				66D13CEB27FAFE6A004B2077 /* XCRemoteSwiftPackageReference "GoogleSignIn-iOS" */,
				66D13CF127FB0AD3004B2077 /* XCRemoteSwiftPackageReference "facebook-ios-sdk" */,
			);
			productRefGroup = 66D13CBE27FAFD88004B2077 /* Products */;
			projectDirPath = "";
			projectRoot = "";
			targets = (
				66D13CBC27FAFD88004B2077 /* APTracker */,
				66D13CCC27FAFD96004B2077 /* APTrackerTests */,
				66D13CD627FAFD97004B2077 /* APTrackerUITests */,
			);
		};
/* End PBXProject section */

/* Begin PBXResourcesBuildPhase section */
		66D13CBB27FAFD88004B2077 /* Resources */ = {
			isa = PBXResourcesBuildPhase;
			buildActionMask = 2147483647;
			files = (
				66C552E827FC41BF00F5715E /* Launch Screen.storyboard in Resources */,
				66D13CC827FAFD95004B2077 /* Preview Assets.xcassets in Resources */,
				66D13CC527FAFD95004B2077 /* Assets.xcassets in Resources */,
			);
			runOnlyForDeploymentPostprocessing = 0;
		};
		66D13CCB27FAFD96004B2077 /* Resources */ = {
			isa = PBXResourcesBuildPhase;
			buildActionMask = 2147483647;
			files = (
			);
			runOnlyForDeploymentPostprocessing = 0;
		};
		66D13CD527FAFD97004B2077 /* Resources */ = {
			isa = PBXResourcesBuildPhase;
			buildActionMask = 2147483647;
			files = (
			);
			runOnlyForDeploymentPostprocessing = 0;
		};
/* End PBXResourcesBuildPhase section */

/* Begin PBXSourcesBuildPhase section */
		66D13CB927FAFD88004B2077 /* Sources */ = {
			isa = PBXSourcesBuildPhase;
			buildActionMask = 2147483647;
			files = (
				66D13CEF27FAFE7D004B2077 /* AppDelegate.swift in Sources */,
				667BF40427FB8B2A0000B7EB /* MainView.swift in Sources */,
				666524D827FB41A3005C73F3 /* Dictionary+Extension.swift in Sources */,
				6689A62A27FCDA9C00260538 /* AlertViewController.swift in Sources */,
				66CF3A9927FD6D0800F2F866 /* Utils.swift in Sources */,
				129A1A3E28086F1000F2C870 /* HomeViewModel.swift in Sources */,
				6631E97A27FF709F005E3A41 /* MainViewModel.swift in Sources */,
				668518DF2800197500A91A6F /* UserCell.swift in Sources */,
				66934AFC27FB8311004DC396 /* View+Extension.swift in Sources */,
				66CC9C002801C3C8005935F0 /* WebViewCoordinator.swift in Sources */,
				66BE658028000E8B0077777B /* SettingViewModel.swift in Sources */,
				66D13CC327FAFD88004B2077 /* ContentView.swift in Sources */,
				12F84717280B20520027BFFF /* SampleTutorialView.swift in Sources */,
				6631E97C27FF7503005E3A41 /* MainHeader.swift in Sources */,
				66D13CFB27FB230F004B2077 /* LoginViewModel.swift in Sources */,
				666524D327FB3BF8005C73F3 /* AppConstant.swift in Sources */,
				66479307280030DD0068AE91 /* HomeView.swift in Sources */,
				667BF40127FB8A300000B7EB /* AppState.swift in Sources */,
				66CC9C052801C67C005935F0 /* AddProductView.swift in Sources */,
				6631E97E27FF7919005E3A41 /* TabElement.swift in Sources */,
				666524D027FB35F9005C73F3 /* FacebookAuth.swift in Sources */,
				66D13D0527FB2D2B004B2077 /* KeychainHelper.swift in Sources */,
				664AF2832808B75F008C7B50 /* ImageLoader.swift in Sources */,
				66742C7427FCC9A80093EE24 /* RegisterView.swift in Sources */,
				66D13CF927FB1EB7004B2077 /* SocialButton.swift in Sources */,
				66742C7627FCCC0A0093EE24 /* UIViewController+Extension.swift in Sources */,
				129A1A402808702000F2C870 /* TrackingObject.swift in Sources */,
				66D13CFF27FB287F004B2077 /* LoginCredential.swift in Sources */,
				66CC9C032801C620005935F0 /* AddProductViewModel.swift in Sources */,
				66742C6927FCAA3A0093EE24 /* IconTextField.swift in Sources */,
				6689A62C27FCDAB300260538 /* ErrorAlertViewController.swift in Sources */,
				66D826E428109979007AA1F6 /* Product.swift in Sources */,
				66D13D0227FB2958004B2077 /* GoogleAuth.swift in Sources */,
				66C552EA27FC428E00F5715E /* SocialSmallButton.swift in Sources */,
				66742C6B27FCAD450093EE24 /* IconSecureTextField.swift in Sources */,
				66D13CF627FB1E74004B2077 /* LoginView.swift in Sources */,
				66934AFA27FB7F82004DC396 /* LocalAuth.swift in Sources */,
				66934AF827FB793B004DC396 /* TaskManager.swift in Sources */,
				66CF3A9727FD6ACD00F2F866 /* RegisterViewModel.swift in Sources */,
				12D7D87027FF7EDF00178DAE /* PreferenceManager.swift in Sources */,
				668518E228001C1F00A91A6F /* UserProfileView.swift in Sources */,
				66D13CFD27FB280E004B2077 /* LoginDelegate.swift in Sources */,
				6631E97827FF6FD9005E3A41 /* AppTabBar.swift in Sources */,
				66CC9C072801FB79005935F0 /* TutorialView.swift in Sources */,
				664AF2812808B48B008C7B50 /* Price.swift in Sources */,
				12F1FE7A280ABB17000BF1B1 /* ChangePageView.swift in Sources */,
				66CC9BFE2801C392005935F0 /* WebView.swift in Sources */,
				12F84715280B02B10027BFFF /* TabTutorialElement.swift in Sources */,
				66BE657E28000BD40077777B /* SettingView.swift in Sources */,
				66C5131727FD785C000EC52B /* FeedbackAlert.swift in Sources */,
				66D13CC127FAFD88004B2077 /* APTrackerApp.swift in Sources */,
				6631E98027FF7CE4005E3A41 /* UserIdentity.swift in Sources */,
				668518DD2800187E00A91A6F /* LoginCell.swift in Sources */,
			);
			runOnlyForDeploymentPostprocessing = 0;
		};
		66D13CC927FAFD96004B2077 /* Sources */ = {
			isa = PBXSourcesBuildPhase;
			buildActionMask = 2147483647;
			files = (
				66D13CD227FAFD96004B2077 /* APTrackerTests.swift in Sources */,
			);
			runOnlyForDeploymentPostprocessing = 0;
		};
		66D13CD327FAFD97004B2077 /* Sources */ = {
			isa = PBXSourcesBuildPhase;
			buildActionMask = 2147483647;
			files = (
				66D13CDE27FAFD97004B2077 /* APTrackerUITestsLaunchTests.swift in Sources */,
				66D13CDC27FAFD97004B2077 /* APTrackerUITests.swift in Sources */,
			);
			runOnlyForDeploymentPostprocessing = 0;
		};
/* End PBXSourcesBuildPhase section */

/* Begin PBXTargetDependency section */
		66D13CCF27FAFD96004B2077 /* PBXTargetDependency */ = {
			isa = PBXTargetDependency;
			target = 66D13CBC27FAFD88004B2077 /* APTracker */;
			targetProxy = 66D13CCE27FAFD96004B2077 /* PBXContainerItemProxy */;
		};
		66D13CD927FAFD97004B2077 /* PBXTargetDependency */ = {
			isa = PBXTargetDependency;
			target = 66D13CBC27FAFD88004B2077 /* APTracker */;
			targetProxy = 66D13CD827FAFD97004B2077 /* PBXContainerItemProxy */;
		};
/* End PBXTargetDependency section */

/* Begin XCBuildConfiguration section */
		66D13CDF27FAFD97004B2077 /* Debug */ = {
			isa = XCBuildConfiguration;
			buildSettings = {
				ALWAYS_SEARCH_USER_PATHS = NO;
				CLANG_ANALYZER_NONNULL = YES;
				CLANG_ANALYZER_NUMBER_OBJECT_CONVERSION = YES_AGGRESSIVE;
				CLANG_CXX_LANGUAGE_STANDARD = "gnu++17";
				CLANG_ENABLE_MODULES = YES;
				CLANG_ENABLE_OBJC_ARC = YES;
				CLANG_ENABLE_OBJC_WEAK = YES;
				CLANG_WARN_BLOCK_CAPTURE_AUTORELEASING = YES;
				CLANG_WARN_BOOL_CONVERSION = YES;
				CLANG_WARN_COMMA = YES;
				CLANG_WARN_CONSTANT_CONVERSION = YES;
				CLANG_WARN_DEPRECATED_OBJC_IMPLEMENTATIONS = YES;
				CLANG_WARN_DIRECT_OBJC_ISA_USAGE = YES_ERROR;
				CLANG_WARN_DOCUMENTATION_COMMENTS = YES;
				CLANG_WARN_EMPTY_BODY = YES;
				CLANG_WARN_ENUM_CONVERSION = YES;
				CLANG_WARN_INFINITE_RECURSION = YES;
				CLANG_WARN_INT_CONVERSION = YES;
				CLANG_WARN_NON_LITERAL_NULL_CONVERSION = YES;
				CLANG_WARN_OBJC_IMPLICIT_RETAIN_SELF = YES;
				CLANG_WARN_OBJC_LITERAL_CONVERSION = YES;
				CLANG_WARN_OBJC_ROOT_CLASS = YES_ERROR;
				CLANG_WARN_QUOTED_INCLUDE_IN_FRAMEWORK_HEADER = YES;
				CLANG_WARN_RANGE_LOOP_ANALYSIS = YES;
				CLANG_WARN_STRICT_PROTOTYPES = YES;
				CLANG_WARN_SUSPICIOUS_MOVE = YES;
				CLANG_WARN_UNGUARDED_AVAILABILITY = YES_AGGRESSIVE;
				CLANG_WARN_UNREACHABLE_CODE = YES;
				CLANG_WARN__DUPLICATE_METHOD_MATCH = YES;
				COPY_PHASE_STRIP = NO;
				DEBUG_INFORMATION_FORMAT = dwarf;
				ENABLE_STRICT_OBJC_MSGSEND = YES;
				ENABLE_TESTABILITY = YES;
				GCC_C_LANGUAGE_STANDARD = gnu11;
				GCC_DYNAMIC_NO_PIC = NO;
				GCC_NO_COMMON_BLOCKS = YES;
				GCC_OPTIMIZATION_LEVEL = 0;
				GCC_PREPROCESSOR_DEFINITIONS = (
					"DEBUG=1",
					"$(inherited)",
				);
				GCC_WARN_64_TO_32_BIT_CONVERSION = YES;
				GCC_WARN_ABOUT_RETURN_TYPE = YES_ERROR;
				GCC_WARN_UNDECLARED_SELECTOR = YES;
				GCC_WARN_UNINITIALIZED_AUTOS = YES_AGGRESSIVE;
				GCC_WARN_UNUSED_FUNCTION = YES;
				GCC_WARN_UNUSED_VARIABLE = YES;
				IPHONEOS_DEPLOYMENT_TARGET = 15.4;
				MTL_ENABLE_DEBUG_INFO = INCLUDE_SOURCE;
				MTL_FAST_MATH = YES;
				ONLY_ACTIVE_ARCH = YES;
				SDKROOT = iphoneos;
				SWIFT_ACTIVE_COMPILATION_CONDITIONS = DEBUG;
				SWIFT_OPTIMIZATION_LEVEL = "-Onone";
			};
			name = Debug;
		};
		66D13CE027FAFD97004B2077 /* Release */ = {
			isa = XCBuildConfiguration;
			buildSettings = {
				ALWAYS_SEARCH_USER_PATHS = NO;
				CLANG_ANALYZER_NONNULL = YES;
				CLANG_ANALYZER_NUMBER_OBJECT_CONVERSION = YES_AGGRESSIVE;
				CLANG_CXX_LANGUAGE_STANDARD = "gnu++17";
				CLANG_ENABLE_MODULES = YES;
				CLANG_ENABLE_OBJC_ARC = YES;
				CLANG_ENABLE_OBJC_WEAK = YES;
				CLANG_WARN_BLOCK_CAPTURE_AUTORELEASING = YES;
				CLANG_WARN_BOOL_CONVERSION = YES;
				CLANG_WARN_COMMA = YES;
				CLANG_WARN_CONSTANT_CONVERSION = YES;
				CLANG_WARN_DEPRECATED_OBJC_IMPLEMENTATIONS = YES;
				CLANG_WARN_DIRECT_OBJC_ISA_USAGE = YES_ERROR;
				CLANG_WARN_DOCUMENTATION_COMMENTS = YES;
				CLANG_WARN_EMPTY_BODY = YES;
				CLANG_WARN_ENUM_CONVERSION = YES;
				CLANG_WARN_INFINITE_RECURSION = YES;
				CLANG_WARN_INT_CONVERSION = YES;
				CLANG_WARN_NON_LITERAL_NULL_CONVERSION = YES;
				CLANG_WARN_OBJC_IMPLICIT_RETAIN_SELF = YES;
				CLANG_WARN_OBJC_LITERAL_CONVERSION = YES;
				CLANG_WARN_OBJC_ROOT_CLASS = YES_ERROR;
				CLANG_WARN_QUOTED_INCLUDE_IN_FRAMEWORK_HEADER = YES;
				CLANG_WARN_RANGE_LOOP_ANALYSIS = YES;
				CLANG_WARN_STRICT_PROTOTYPES = YES;
				CLANG_WARN_SUSPICIOUS_MOVE = YES;
				CLANG_WARN_UNGUARDED_AVAILABILITY = YES_AGGRESSIVE;
				CLANG_WARN_UNREACHABLE_CODE = YES;
				CLANG_WARN__DUPLICATE_METHOD_MATCH = YES;
				COPY_PHASE_STRIP = NO;
				DEBUG_INFORMATION_FORMAT = "dwarf-with-dsym";
				ENABLE_NS_ASSERTIONS = NO;
				ENABLE_STRICT_OBJC_MSGSEND = YES;
				GCC_C_LANGUAGE_STANDARD = gnu11;
				GCC_NO_COMMON_BLOCKS = YES;
				GCC_WARN_64_TO_32_BIT_CONVERSION = YES;
				GCC_WARN_ABOUT_RETURN_TYPE = YES_ERROR;
				GCC_WARN_UNDECLARED_SELECTOR = YES;
				GCC_WARN_UNINITIALIZED_AUTOS = YES_AGGRESSIVE;
				GCC_WARN_UNUSED_FUNCTION = YES;
				GCC_WARN_UNUSED_VARIABLE = YES;
				IPHONEOS_DEPLOYMENT_TARGET = 15.4;
				MTL_ENABLE_DEBUG_INFO = NO;
				MTL_FAST_MATH = YES;
				SDKROOT = iphoneos;
				SWIFT_COMPILATION_MODE = wholemodule;
				SWIFT_OPTIMIZATION_LEVEL = "-O";
				VALIDATE_PRODUCT = YES;
			};
			name = Release;
		};
		66D13CE227FAFD97004B2077 /* Debug */ = {
			isa = XCBuildConfiguration;
			buildSettings = {
				ASSETCATALOG_COMPILER_APPICON_NAME = AppIcon;
				ASSETCATALOG_COMPILER_GLOBAL_ACCENT_COLOR_NAME = AccentColor;
				CODE_SIGN_STYLE = Automatic;
				CURRENT_PROJECT_VERSION = 1;
				DEVELOPMENT_ASSET_PATHS = "\"APTracker/Preview Content\"";
				DEVELOPMENT_TEAM = 2FE7MP24X8;
				ENABLE_PREVIEWS = YES;
				GENERATE_INFOPLIST_FILE = YES;
				INFOPLIST_FILE = APTracker/Info.plist;
				INFOPLIST_KEY_UIApplicationSceneManifest_Generation = YES;
				INFOPLIST_KEY_UIApplicationSupportsIndirectInputEvents = YES;
				INFOPLIST_KEY_UILaunchScreen_Generation = YES;
				INFOPLIST_KEY_UILaunchStoryboardName = "Launch Screen";
				INFOPLIST_KEY_UISupportedInterfaceOrientations_iPad = "UIInterfaceOrientationPortrait UIInterfaceOrientationPortraitUpsideDown UIInterfaceOrientationLandscapeLeft UIInterfaceOrientationLandscapeRight";
				INFOPLIST_KEY_UISupportedInterfaceOrientations_iPhone = "UIInterfaceOrientationPortrait UIInterfaceOrientationLandscapeLeft UIInterfaceOrientationLandscapeRight";
				IPHONEOS_DEPLOYMENT_TARGET = 14.0;
				LD_RUNPATH_SEARCH_PATHS = (
					"$(inherited)",
					"@executable_path/Frameworks",
				);
				MARKETING_VERSION = 1.0;
				PRODUCT_BUNDLE_IDENTIFIER = it.matteovisotto.aptracker;
				PRODUCT_NAME = "$(TARGET_NAME)";
				SWIFT_EMIT_LOC_STRINGS = YES;
				SWIFT_VERSION = 5.0;
				TARGETED_DEVICE_FAMILY = "1,2";
			};
			name = Debug;
		};
		66D13CE327FAFD97004B2077 /* Release */ = {
			isa = XCBuildConfiguration;
			buildSettings = {
				ASSETCATALOG_COMPILER_APPICON_NAME = AppIcon;
				ASSETCATALOG_COMPILER_GLOBAL_ACCENT_COLOR_NAME = AccentColor;
				CODE_SIGN_STYLE = Automatic;
				CURRENT_PROJECT_VERSION = 1;
				DEVELOPMENT_ASSET_PATHS = "\"APTracker/Preview Content\"";
				DEVELOPMENT_TEAM = 2FE7MP24X8;
				ENABLE_PREVIEWS = YES;
				GENERATE_INFOPLIST_FILE = YES;
				INFOPLIST_FILE = APTracker/Info.plist;
				INFOPLIST_KEY_UIApplicationSceneManifest_Generation = YES;
				INFOPLIST_KEY_UIApplicationSupportsIndirectInputEvents = YES;
				INFOPLIST_KEY_UILaunchScreen_Generation = YES;
				INFOPLIST_KEY_UILaunchStoryboardName = "Launch Screen";
				INFOPLIST_KEY_UISupportedInterfaceOrientations_iPad = "UIInterfaceOrientationPortrait UIInterfaceOrientationPortraitUpsideDown UIInterfaceOrientationLandscapeLeft UIInterfaceOrientationLandscapeRight";
				INFOPLIST_KEY_UISupportedInterfaceOrientations_iPhone = "UIInterfaceOrientationPortrait UIInterfaceOrientationLandscapeLeft UIInterfaceOrientationLandscapeRight";
				IPHONEOS_DEPLOYMENT_TARGET = 14.0;
				LD_RUNPATH_SEARCH_PATHS = (
					"$(inherited)",
					"@executable_path/Frameworks",
				);
				MARKETING_VERSION = 1.0;
				PRODUCT_BUNDLE_IDENTIFIER = it.matteovisotto.aptracker;
				PRODUCT_NAME = "$(TARGET_NAME)";
				SWIFT_EMIT_LOC_STRINGS = YES;
				SWIFT_VERSION = 5.0;
				TARGETED_DEVICE_FAMILY = "1,2";
			};
			name = Release;
		};
		66D13CE527FAFD97004B2077 /* Debug */ = {
			isa = XCBuildConfiguration;
			buildSettings = {
				ALWAYS_EMBED_SWIFT_STANDARD_LIBRARIES = YES;
				BUNDLE_LOADER = "$(TEST_HOST)";
				CODE_SIGN_STYLE = Automatic;
				CURRENT_PROJECT_VERSION = 1;
				DEVELOPMENT_TEAM = 2FE7MP24X8;
				GENERATE_INFOPLIST_FILE = YES;
				IPHONEOS_DEPLOYMENT_TARGET = 15.4;
				MARKETING_VERSION = 1.0;
				PRODUCT_BUNDLE_IDENTIFIER = it.matteovisotto.APTrackerTests;
				PRODUCT_NAME = "$(TARGET_NAME)";
				SWIFT_EMIT_LOC_STRINGS = NO;
				SWIFT_VERSION = 5.0;
				TARGETED_DEVICE_FAMILY = "1,2";
				TEST_HOST = "$(BUILT_PRODUCTS_DIR)/APTracker.app/APTracker";
			};
			name = Debug;
		};
		66D13CE627FAFD97004B2077 /* Release */ = {
			isa = XCBuildConfiguration;
			buildSettings = {
				ALWAYS_EMBED_SWIFT_STANDARD_LIBRARIES = YES;
				BUNDLE_LOADER = "$(TEST_HOST)";
				CODE_SIGN_STYLE = Automatic;
				CURRENT_PROJECT_VERSION = 1;
				DEVELOPMENT_TEAM = 2FE7MP24X8;
				GENERATE_INFOPLIST_FILE = YES;
				IPHONEOS_DEPLOYMENT_TARGET = 15.4;
				MARKETING_VERSION = 1.0;
				PRODUCT_BUNDLE_IDENTIFIER = it.matteovisotto.APTrackerTests;
				PRODUCT_NAME = "$(TARGET_NAME)";
				SWIFT_EMIT_LOC_STRINGS = NO;
				SWIFT_VERSION = 5.0;
				TARGETED_DEVICE_FAMILY = "1,2";
				TEST_HOST = "$(BUILT_PRODUCTS_DIR)/APTracker.app/APTracker";
			};
			name = Release;
		};
		66D13CE827FAFD97004B2077 /* Debug */ = {
			isa = XCBuildConfiguration;
			buildSettings = {
				ALWAYS_EMBED_SWIFT_STANDARD_LIBRARIES = YES;
				CODE_SIGN_STYLE = Automatic;
				CURRENT_PROJECT_VERSION = 1;
				DEVELOPMENT_TEAM = 2FE7MP24X8;
				GENERATE_INFOPLIST_FILE = YES;
				MARKETING_VERSION = 1.0;
				PRODUCT_BUNDLE_IDENTIFIER = it.matteovisotto.APTrackerUITests;
				PRODUCT_NAME = "$(TARGET_NAME)";
				SWIFT_EMIT_LOC_STRINGS = NO;
				SWIFT_VERSION = 5.0;
				TARGETED_DEVICE_FAMILY = "1,2";
				TEST_TARGET_NAME = APTracker;
			};
			name = Debug;
		};
		66D13CE927FAFD97004B2077 /* Release */ = {
			isa = XCBuildConfiguration;
			buildSettings = {
				ALWAYS_EMBED_SWIFT_STANDARD_LIBRARIES = YES;
				CODE_SIGN_STYLE = Automatic;
				CURRENT_PROJECT_VERSION = 1;
				DEVELOPMENT_TEAM = 2FE7MP24X8;
				GENERATE_INFOPLIST_FILE = YES;
				MARKETING_VERSION = 1.0;
				PRODUCT_BUNDLE_IDENTIFIER = it.matteovisotto.APTrackerUITests;
				PRODUCT_NAME = "$(TARGET_NAME)";
				SWIFT_EMIT_LOC_STRINGS = NO;
				SWIFT_VERSION = 5.0;
				TARGETED_DEVICE_FAMILY = "1,2";
				TEST_TARGET_NAME = APTracker;
			};
			name = Release;
		};
/* End XCBuildConfiguration section */

/* Begin XCConfigurationList section */
		66D13CB827FAFD88004B2077 /* Build configuration list for PBXProject "APTracker" */ = {
			isa = XCConfigurationList;
			buildConfigurations = (
				66D13CDF27FAFD97004B2077 /* Debug */,
				66D13CE027FAFD97004B2077 /* Release */,
			);
			defaultConfigurationIsVisible = 0;
			defaultConfigurationName = Release;
		};
		66D13CE127FAFD97004B2077 /* Build configuration list for PBXNativeTarget "APTracker" */ = {
			isa = XCConfigurationList;
			buildConfigurations = (
				66D13CE227FAFD97004B2077 /* Debug */,
				66D13CE327FAFD97004B2077 /* Release */,
			);
			defaultConfigurationIsVisible = 0;
			defaultConfigurationName = Release;
		};
		66D13CE427FAFD97004B2077 /* Build configuration list for PBXNativeTarget "APTrackerTests" */ = {
			isa = XCConfigurationList;
			buildConfigurations = (
				66D13CE527FAFD97004B2077 /* Debug */,
				66D13CE627FAFD97004B2077 /* Release */,
			);
			defaultConfigurationIsVisible = 0;
			defaultConfigurationName = Release;
		};
		66D13CE727FAFD97004B2077 /* Build configuration list for PBXNativeTarget "APTrackerUITests" */ = {
			isa = XCConfigurationList;
			buildConfigurations = (
				66D13CE827FAFD97004B2077 /* Debug */,
				66D13CE927FAFD97004B2077 /* Release */,
			);
			defaultConfigurationIsVisible = 0;
			defaultConfigurationName = Release;
		};
/* End XCConfigurationList section */

/* Begin XCRemoteSwiftPackageReference section */
		66D13CEB27FAFE6A004B2077 /* XCRemoteSwiftPackageReference "GoogleSignIn-iOS" */ = {
			isa = XCRemoteSwiftPackageReference;
			repositoryURL = "https://github.com/google/GoogleSignIn-iOS";
			requirement = {
				kind = upToNextMajorVersion;
				minimumVersion = 6.0.0;
			};
		};
		66D13CF127FB0AD3004B2077 /* XCRemoteSwiftPackageReference "facebook-ios-sdk" */ = {
			isa = XCRemoteSwiftPackageReference;
			repositoryURL = "https://github.com/facebook/facebook-ios-sdk";
			requirement = {
				kind = exactVersion;
				version = 13.1.0;
			};
		};
/* End XCRemoteSwiftPackageReference section */

/* Begin XCSwiftPackageProductDependency section */
		66D13CEC27FAFE6A004B2077 /* GoogleSignIn */ = {
			isa = XCSwiftPackageProductDependency;
			package = 66D13CEB27FAFE6A004B2077 /* XCRemoteSwiftPackageReference "GoogleSignIn-iOS" */;
			productName = GoogleSignIn;
		};
		66D13CF227FB0AD3004B2077 /* FacebookLogin */ = {
			isa = XCSwiftPackageProductDependency;
			package = 66D13CF127FB0AD3004B2077 /* XCRemoteSwiftPackageReference "facebook-ios-sdk" */;
			productName = FacebookLogin;
		};
/* End XCSwiftPackageProductDependency section */
	};
	rootObject = 66D13CB527FAFD88004B2077 /* Project object */;
}
