{
  "pins" : [
    {
      "identity" : "swift-argument-parser",
      "kind" : "remoteSourceControl",
      "location" : "https://github.com/apple/swift-argument-parser",
      "state" : {
        "revision" : "82905286cc3f0fa8adc4674bf49437cab65a8373",
        "version" : "1.1.1"
      }
    },
    {
      "identity" : "swiftsoup",
      "kind" : "remoteSourceControl",
      "location" : "https://github.com/scinfu/SwiftSoup.git",
      "state" : {
        "revision" : "13ba661fd1146967270fca92ce8195b223631436",
        "version" : "2.3.8"
      }
    }
  ],
  "version" : 2
}
