// !$*UTF8*$!
{
	archiveVersion = 1;
	classes = {
	};
	objectVersion = 55;
	objects = {

/* Begin PBXBuildFile section */
		66934AE227F8DAF5004DC396 /* main.swift in Sources */ = {isa = PBXBuildFile; fileRef = 66934AE127F8DAF5004DC396 /* main.swift */; };
		66934AEA27F8DCEE004DC396 /* ArgumentParser in Frameworks */ = {isa = PBXBuildFile; productRef = 66934AE927F8DCEE004DC396 /* ArgumentParser */; };
		66934AED27F8DD16004DC396 /* SwiftSoup in Frameworks */ = {isa = PBXBuildFile; productRef = 66934AEC27F8DD16004DC396 /* SwiftSoup */; };
		66934AEF27F8DE1E004DC396 /* Scrape.swift in Sources */ = {isa = PBXBuildFile; fileRef = 66934AEE27F8DE1E004DC396 /* Scrape.swift */; };
		66934AF127F8DF86004DC396 /* DownloadManager.swift in Sources */ = {isa = PBXBuildFile; fileRef = 66934AF027F8DF86004DC396 /* DownloadManager.swift */; };
		66934AF327F8E371004DC396 /* AmazonScraper.swift in Sources */ = {isa = PBXBuildFile; fileRef = 66934AF227F8E371004DC396 /* AmazonScraper.swift */; };
/* End PBXBuildFile section */

/* Begin PBXCopyFilesBuildPhase section */
		66934ADC27F8DAF5004DC396 /* CopyFiles */ = {
			isa = PBXCopyFilesBuildPhase;
			buildActionMask = 2147483647;
			dstPath = /usr/share/man/man1/;
			dstSubfolderSpec = 0;
			files = (
			);
			runOnlyForDeploymentPostprocessing = 1;
		};
/* End PBXCopyFilesBuildPhase section */

/* Begin PBXFileReference section */
		66934ADE27F8DAF5004DC396 /* Scraper */ = {isa = PBXFileReference; explicitFileType = "compiled.mach-o.executable"; includeInIndex = 0; path = Scraper; sourceTree = BUILT_PRODUCTS_DIR; };
		66934AE127F8DAF5004DC396 /* main.swift */ = {isa = PBXFileReference; lastKnownFileType = sourcecode.swift; path = main.swift; sourceTree = "<group>"; };
		66934AEE27F8DE1E004DC396 /* Scrape.swift */ = {isa = PBXFileReference; lastKnownFileType = sourcecode.swift; path = Scrape.swift; sourceTree = "<group>"; };
		66934AF027F8DF86004DC396 /* DownloadManager.swift */ = {isa = PBXFileReference; lastKnownFileType = sourcecode.swift; path = DownloadManager.swift; sourceTree = "<group>"; };
		66934AF227F8E371004DC396 /* AmazonScraper.swift */ = {isa = PBXFileReference; lastKnownFileType = sourcecode.swift; path = AmazonScraper.swift; sourceTree = "<group>"; };
/* End PBXFileReference section */

/* Begin PBXFrameworksBuildPhase section */
		66934ADB27F8DAF5004DC396 /* Frameworks */ = {
			isa = PBXFrameworksBuildPhase;
			buildActionMask = 2147483647;
			files = (
				66934AEA27F8DCEE004DC396 /* ArgumentParser in Frameworks */,
				66934AED27F8DD16004DC396 /* SwiftSoup in Frameworks */,
			);
			runOnlyForDeploymentPostprocessing = 0;
		};
/* End PBXFrameworksBuildPhase section */

/* Begin PBXGroup section */
		66934AD527F8DAF5004DC396 = {
			isa = PBXGroup;
			children = (
				66934AE027F8DAF5004DC396 /* Scraper */,
				66934ADF27F8DAF5004DC396 /* Products */,
			);
			sourceTree = "<group>";
		};
		66934ADF27F8DAF5004DC396 /* Products */ = {
			isa = PBXGroup;
			children = (
				66934ADE27F8DAF5004DC396 /* Scraper */,
			);
			name = Products;
			sourceTree = "<group>";
		};
		66934AE027F8DAF5004DC396 /* Scraper */ = {
			isa = PBXGroup;
			children = (
				66934AE127F8DAF5004DC396 /* main.swift */,
				66934AEE27F8DE1E004DC396 /* Scrape.swift */,
				66934AF027F8DF86004DC396 /* DownloadManager.swift */,
				66934AF227F8E371004DC396 /* AmazonScraper.swift */,
			);
			path = Scraper;
			sourceTree = "<group>";
		};
/* End PBXGroup section */

/* Begin PBXNativeTarget section */
		66934ADD27F8DAF5004DC396 /* Scraper */ = {
			isa = PBXNativeTarget;
			buildConfigurationList = 66934AE527F8DAF5004DC396 /* Build configuration list for PBXNativeTarget "Scraper" */;
			buildPhases = (
				66934ADA27F8DAF5004DC396 /* Sources */,
				66934ADB27F8DAF5004DC396 /* Frameworks */,
				66934ADC27F8DAF5004DC396 /* CopyFiles */,
			);
			buildRules = (
			);
			dependencies = (
			);
			name = Scraper;
			packageProductDependencies = (
				66934AE927F8DCEE004DC396 /* ArgumentParser */,
				66934AEC27F8DD16004DC396 /* SwiftSoup */,
			);
			productName = Scraper;
			productReference = 66934ADE27F8DAF5004DC396 /* Scraper */;
			productType = "com.apple.product-type.tool";
		};
/* End PBXNativeTarget section */

/* Begin PBXProject section */
		66934AD627F8DAF5004DC396 /* Project object */ = {
			isa = PBXProject;
			attributes = {
				BuildIndependentTargetsInParallel = 1;
				LastSwiftUpdateCheck = 1330;
				LastUpgradeCheck = 1330;
				TargetAttributes = {
					66934ADD27F8DAF5004DC396 = {
						CreatedOnToolsVersion = 13.3;
					};
				};
			};
			buildConfigurationList = 66934AD927F8DAF5004DC396 /* Build configuration list for PBXProject "Scraper" */;
			compatibilityVersion = "Xcode 13.0";
			developmentRegion = en;
			hasScannedForEncodings = 0;
			knownRegions = (
				en,
				Base,
			);
			mainGroup = 66934AD527F8DAF5004DC396;
			packageReferences = (
				66934AE827F8DCEE004DC396 /* XCRemoteSwiftPackageReference "swift-argument-parser" */,
				66934AEB27F8DD16004DC396 /* XCRemoteSwiftPackageReference "SwiftSoup" */,
			);
			productRefGroup = 66934ADF27F8DAF5004DC396 /* Products */;
			projectDirPath = "";
			projectRoot = "";
			targets = (
				66934ADD27F8DAF5004DC396 /* Scraper */,
			);
		};
/* End PBXProject section */

/* Begin PBXSourcesBuildPhase section */
		66934ADA27F8DAF5004DC396 /* Sources */ = {
			isa = PBXSourcesBuildPhase;
			buildActionMask = 2147483647;
			files = (
				66934AF327F8E371004DC396 /* AmazonScraper.swift in Sources */,
				66934AE227F8DAF5004DC396 /* main.swift in Sources */,
				66934AF127F8DF86004DC396 /* DownloadManager.swift in Sources */,
				66934AEF27F8DE1E004DC396 /* Scrape.swift in Sources */,
			);
			runOnlyForDeploymentPostprocessing = 0;
		};
/* End PBXSourcesBuildPhase section */

/* Begin XCBuildConfiguration section */
		66934AE327F8DAF5004DC396 /* Debug */ = {
			isa = XCBuildConfiguration;
			buildSettings = {
				ALWAYS_SEARCH_USER_PATHS = NO;
				CLANG_ANALYZER_NONNULL = YES;
				CLANG_ANALYZER_NUMBER_OBJECT_CONVERSION = YES_AGGRESSIVE;
				CLANG_CXX_LANGUAGE_STANDARD = "gnu++17";
				CLANG_ENABLE_MODULES = YES;
				CLANG_ENABLE_OBJC_ARC = YES;
				CLANG_ENABLE_OBJC_WEAK = YES;
				CLANG_WARN_BLOCK_CAPTURE_AUTORELEASING = YES;
				CLANG_WARN_BOOL_CONVERSION = YES;
				CLANG_WARN_COMMA = YES;
				CLANG_WARN_CONSTANT_CONVERSION = YES;
				CLANG_WARN_DEPRECATED_OBJC_IMPLEMENTATIONS = YES;
				CLANG_WARN_DIRECT_OBJC_ISA_USAGE = YES_ERROR;
				CLANG_WARN_DOCUMENTATION_COMMENTS = YES;
				CLANG_WARN_EMPTY_BODY = YES;
				CLANG_WARN_ENUM_CONVERSION = YES;
				CLANG_WARN_INFINITE_RECURSION = YES;
				CLANG_WARN_INT_CONVERSION = YES;
				CLANG_WARN_NON_LITERAL_NULL_CONVERSION = YES;
				CLANG_WARN_OBJC_IMPLICIT_RETAIN_SELF = YES;
				CLANG_WARN_OBJC_LITERAL_CONVERSION = YES;
				CLANG_WARN_OBJC_ROOT_CLASS = YES_ERROR;
				CLANG_WARN_QUOTED_INCLUDE_IN_FRAMEWORK_HEADER = YES;
				CLANG_WARN_RANGE_LOOP_ANALYSIS = YES;
				CLANG_WARN_STRICT_PROTOTYPES = YES;
				CLANG_WARN_SUSPICIOUS_MOVE = YES;
				CLANG_WARN_UNGUARDED_AVAILABILITY = YES_AGGRESSIVE;
				CLANG_WARN_UNREACHABLE_CODE = YES;
				CLANG_WARN__DUPLICATE_METHOD_MATCH = YES;
				COPY_PHASE_STRIP = NO;
				DEBUG_INFORMATION_FORMAT = dwarf;
				ENABLE_STRICT_OBJC_MSGSEND = YES;
				ENABLE_TESTABILITY = YES;
				GCC_C_LANGUAGE_STANDARD = gnu11;
				GCC_DYNAMIC_NO_PIC = NO;
				GCC_NO_COMMON_BLOCKS = YES;
				GCC_OPTIMIZATION_LEVEL = 0;
				GCC_PREPROCESSOR_DEFINITIONS = (
					"DEBUG=1",
					"$(inherited)",
				);
				GCC_WARN_64_TO_32_BIT_CONVERSION = YES;
				GCC_WARN_ABOUT_RETURN_TYPE = YES_ERROR;
				GCC_WARN_UNDECLARED_SELECTOR = YES;
				GCC_WARN_UNINITIALIZED_AUTOS = YES_AGGRESSIVE;
				GCC_WARN_UNUSED_FUNCTION = YES;
				GCC_WARN_UNUSED_VARIABLE = YES;
				MACOSX_DEPLOYMENT_TARGET = 12.3;
				MTL_ENABLE_DEBUG_INFO = INCLUDE_SOURCE;
				MTL_FAST_MATH = YES;
				ONLY_ACTIVE_ARCH = YES;
				SDKROOT = macosx;
				SWIFT_ACTIVE_COMPILATION_CONDITIONS = DEBUG;
				SWIFT_OPTIMIZATION_LEVEL = "-Onone";
			};
			name = Debug;
		};
		66934AE427F8DAF5004DC396 /* Release */ = {
			isa = XCBuildConfiguration;
			buildSettings = {
				ALWAYS_SEARCH_USER_PATHS = NO;
				CLANG_ANALYZER_NONNULL = YES;
				CLANG_ANALYZER_NUMBER_OBJECT_CONVERSION = YES_AGGRESSIVE;
				CLANG_CXX_LANGUAGE_STANDARD = "gnu++17";
				CLANG_ENABLE_MODULES = YES;
				CLANG_ENABLE_OBJC_ARC = YES;
				CLANG_ENABLE_OBJC_WEAK = YES;
				CLANG_WARN_BLOCK_CAPTURE_AUTORELEASING = YES;
				CLANG_WARN_BOOL_CONVERSION = YES;
				CLANG_WARN_COMMA = YES;
				CLANG_WARN_CONSTANT_CONVERSION = YES;
				CLANG_WARN_DEPRECATED_OBJC_IMPLEMENTATIONS = YES;
				CLANG_WARN_DIRECT_OBJC_ISA_USAGE = YES_ERROR;
				CLANG_WARN_DOCUMENTATION_COMMENTS = YES;
				CLANG_WARN_EMPTY_BODY = YES;
				CLANG_WARN_ENUM_CONVERSION = YES;
				CLANG_WARN_INFINITE_RECURSION = YES;
				CLANG_WARN_INT_CONVERSION = YES;
				CLANG_WARN_NON_LITERAL_NULL_CONVERSION = YES;
				CLANG_WARN_OBJC_IMPLICIT_RETAIN_SELF = YES;
				CLANG_WARN_OBJC_LITERAL_CONVERSION = YES;
				CLANG_WARN_OBJC_ROOT_CLASS = YES_ERROR;
				CLANG_WARN_QUOTED_INCLUDE_IN_FRAMEWORK_HEADER = YES;
				CLANG_WARN_RANGE_LOOP_ANALYSIS = YES;
				CLANG_WARN_STRICT_PROTOTYPES = YES;
				CLANG_WARN_SUSPICIOUS_MOVE = YES;
				CLANG_WARN_UNGUARDED_AVAILABILITY = YES_AGGRESSIVE;
				CLANG_WARN_UNREACHABLE_CODE = YES;
				CLANG_WARN__DUPLICATE_METHOD_MATCH = YES;
				COPY_PHASE_STRIP = NO;
				DEBUG_INFORMATION_FORMAT = "dwarf-with-dsym";
				ENABLE_NS_ASSERTIONS = NO;
				ENABLE_STRICT_OBJC_MSGSEND = YES;
				GCC_C_LANGUAGE_STANDARD = gnu11;
				GCC_NO_COMMON_BLOCKS = YES;
				GCC_WARN_64_TO_32_BIT_CONVERSION = YES;
				GCC_WARN_ABOUT_RETURN_TYPE = YES_ERROR;
				GCC_WARN_UNDECLARED_SELECTOR = YES;
				GCC_WARN_UNINITIALIZED_AUTOS = YES_AGGRESSIVE;
				GCC_WARN_UNUSED_FUNCTION = YES;
				GCC_WARN_UNUSED_VARIABLE = YES;
				MACOSX_DEPLOYMENT_TARGET = 12.3;
				MTL_ENABLE_DEBUG_INFO = NO;
				MTL_FAST_MATH = YES;
				SDKROOT = macosx;
				SWIFT_COMPILATION_MODE = wholemodule;
				SWIFT_OPTIMIZATION_LEVEL = "-O";
			};
			name = Release;
		};
		66934AE627F8DAF5004DC396 /* Debug */ = {
			isa = XCBuildConfiguration;
			buildSettings = {
				CODE_SIGN_STYLE = Automatic;
				DEVELOPMENT_TEAM = 2FE7MP24X8;
				ENABLE_HARDENED_RUNTIME = YES;
				PRODUCT_NAME = "$(TARGET_NAME)";
				SWIFT_VERSION = 5.0;
			};
			name = Debug;
		};
		66934AE727F8DAF5004DC396 /* Release */ = {
			isa = XCBuildConfiguration;
			buildSettings = {
				CODE_SIGN_STYLE = Automatic;
				DEVELOPMENT_TEAM = 2FE7MP24X8;
				ENABLE_HARDENED_RUNTIME = YES;
				PRODUCT_NAME = "$(TARGET_NAME)";
				SWIFT_VERSION = 5.0;
			};
			name = Release;
		};
/* End XCBuildConfiguration section */

/* Begin XCConfigurationList section */
		66934AD927F8DAF5004DC396 /* Build configuration list for PBXProject "Scraper" */ = {
			isa = XCConfigurationList;
			buildConfigurations = (
				66934AE327F8DAF5004DC396 /* Debug */,
				66934AE427F8DAF5004DC396 /* Release */,
			);
			defaultConfigurationIsVisible = 0;
			defaultConfigurationName = Release;
		};
		66934AE527F8DAF5004DC396 /* Build configuration list for PBXNativeTarget "Scraper" */ = {
			isa = XCConfigurationList;
			buildConfigurations = (
				66934AE627F8DAF5004DC396 /* Debug */,
				66934AE727F8DAF5004DC396 /* Release */,
			);
			defaultConfigurationIsVisible = 0;
			defaultConfigurationName = Release;
		};
/* End XCConfigurationList section */

/* Begin XCRemoteSwiftPackageReference section */
		66934AE827F8DCEE004DC396 /* XCRemoteSwiftPackageReference "swift-argument-parser" */ = {
			isa = XCRemoteSwiftPackageReference;
			repositoryURL = "https://github.com/apple/swift-argument-parser.git";
			requirement = {
				kind = upToNextMajorVersion;
				minimumVersion = 1.0.0;
			};
		};
		66934AEB27F8DD16004DC396 /* XCRemoteSwiftPackageReference "SwiftSoup" */ = {
			isa = XCRemoteSwiftPackageReference;
			repositoryURL = "https://github.com/scinfu/SwiftSoup.git";
			requirement = {
				kind = upToNextMajorVersion;
				minimumVersion = 2.0.0;
			};
		};
/* End XCRemoteSwiftPackageReference section */

/* Begin XCSwiftPackageProductDependency section */
		66934AE927F8DCEE004DC396 /* ArgumentParser */ = {
			isa = XCSwiftPackageProductDependency;
			package = 66934AE827F8DCEE004DC396 /* XCRemoteSwiftPackageReference "swift-argument-parser" */;
			productName = ArgumentParser;
		};
		66934AEC27F8DD16004DC396 /* SwiftSoup */ = {
			isa = XCSwiftPackageProductDependency;
			package = 66934AEB27F8DD16004DC396 /* XCRemoteSwiftPackageReference "SwiftSoup" */;
			productName = SwiftSoup;
		};
/* End XCSwiftPackageProductDependency section */
	};
	rootObject = 66934AD627F8DAF5004DC396 /* Project object */;
}
